# THIS IS AN AUTOGENERATED FILE. DO NOT EDIT THIS FILE DIRECTLY.
# yarn lockfile v1


"@babel/runtime@^7.1.2", "@babel/runtime@^7.2.0", "@babel/runtime@^7.3.1", "@babel/runtime@^7.4.5":
  version "7.4.5"
  resolved "https://registry.yarnpkg.com/@babel/runtime/-/runtime-7.4.5.tgz#582bb531f5f9dc67d2fcb682979894f75e253f12"
  integrity sha512-TuI4qpWZP6lGOGIuGWtp9sPluqYICmbk8T/1vpSysqJxRPkudh/ofFWyqdcMsDf2s7KvDL4/YHgKyvcS3g9CJQ==
  dependencies:
    regenerator-runtime "^0.13.2"

"@emotion/hash@^0.7.1":
  version "0.7.1"
  resolved "https://registry.yarnpkg.com/@emotion/hash/-/hash-0.7.1.tgz#9833722341379fb7d67f06a4b00ab3c37913da53"
  integrity sha512-OYpa/Sg+2GDX+jibUfpZVn1YqSVRpYmTLF2eyAfrFTIJSbwyIrc+YscayoykvaOME/wV4BV0Sa0yqdMrgse6mA==

"@framer/steveruizok.framespy@^1.2.0":
  version "1.2.0"
  resolved "https://registry.framer.com/@framer/steveruizok.framespy/-/@framer/steveruizok.framespy-1.2.0.tgz#880b725ad56c426a05f86702ffcaec39e67eae2a"
  integrity sha1-iAtyWtVsQmoF+GcC/8rsOeZ+rio=
  dependencies:
    prism-react-renderer "^0.1.5"
    prismjs "^1.15.0"
    react-clipboard.js "^2.0.2"
    react-element-to-jsx-string "^14.0.2"

"@material-ui/core@^4.1.3":
  version "4.1.3"
  resolved "https://registry.yarnpkg.com/@material-ui/core/-/core-4.1.3.tgz#0f8ffae88ac668399fbfc66efa1ed37c4ce29a7d"
  integrity sha512-cSrI3yZ2L1XVi5IyO0/dPGUq1FaDBKTL9ygDOlvojD6bGuD/Qu17dCFAD8/mHV4CPNQMJYUKLYyOmqtDYdEB9g==
  dependencies:
    "@babel/runtime" "^7.2.0"
    "@material-ui/styles" "^4.1.2"
    "@material-ui/system" "^4.3.0"
    "@material-ui/types" "^4.1.1"
    "@material-ui/utils" "^4.1.0"
    "@types/react-transition-group" "^2.0.16"
    clsx "^1.0.2"
    convert-css-length "^2.0.0"
    debounce "^1.1.0"
    deepmerge "^3.0.0"
    hoist-non-react-statics "^3.2.1"
    is-plain-object "^3.0.0"
    normalize-scroll-left "^0.2.0"
    popper.js "^1.14.1"
    prop-types "^15.7.2"
    react-event-listener "^0.6.6"
    react-transition-group "^4.0.0"
    warning "^4.0.1"

"@material-ui/styles@^4.1.2":
  version "4.1.2"
  resolved "https://registry.yarnpkg.com/@material-ui/styles/-/styles-4.1.2.tgz#f22cb0d8f60a5e4a4b92f1ffb4b56f825ff89034"
  integrity sha512-IRwhGI3OzxMKIDXnYl/vi9FD/i5ZktVP2m/5PIf/HVdvhqUZGIzqR2OB/9f3W1hc+kKKExdOPlpZpVihIsJWkA==
  dependencies:
    "@babel/runtime" "^7.2.0"
    "@emotion/hash" "^0.7.1"
    "@material-ui/types" "^4.1.1"
    "@material-ui/utils" "^4.1.0"
    clsx "^1.0.2"
    csstype "^2.5.2"
    deepmerge "^3.0.0"
    hoist-non-react-statics "^3.2.1"
    jss "10.0.0-alpha.17"
    jss-plugin-camel-case "10.0.0-alpha.17"
    jss-plugin-default-unit "10.0.0-alpha.17"
    jss-plugin-global "10.0.0-alpha.17"
    jss-plugin-nested "10.0.0-alpha.17"
    jss-plugin-props-sort "10.0.0-alpha.17"
    jss-plugin-rule-value-function "10.0.0-alpha.17"
    jss-plugin-vendor-prefixer "10.0.0-alpha.17"
    prop-types "^15.7.2"
    warning "^4.0.1"

"@material-ui/system@^4.3.0":
  version "4.3.0"
  resolved "https://registry.yarnpkg.com/@material-ui/system/-/system-4.3.0.tgz#6812049bf9257f8936c5de8f18b7142a67048247"
  integrity sha512-VQh3mWZSmzm1JR7Ci35AHKwOhhxHHMrBWCdP4mh7UAwSdjWBE6s2Y9Y0iJiqMoEsHP64vU3W1JpsW2AgkUeHsQ==
  dependencies:
    "@babel/runtime" "^7.2.0"
    deepmerge "^3.0.0"
    prop-types "^15.7.2"
    warning "^4.0.1"

"@material-ui/types@^4.1.1":
  version "4.1.1"
  resolved "https://registry.yarnpkg.com/@material-ui/types/-/types-4.1.1.tgz#b65e002d926089970a3271213a3ad7a21b17f02b"
  integrity sha512-AN+GZNXytX9yxGi0JOfxHrRTbhFybjUJ05rnsBVjcB+16e466Z0Xe5IxawuOayVZgTBNDxmPKo5j4V6OnMtaSQ==
  dependencies:
    "@types/react" "*"

"@material-ui/utils@^4.1.0":
  version "4.1.0"
  resolved "https://registry.yarnpkg.com/@material-ui/utils/-/utils-4.1.0.tgz#45fd6698db49f3528fe45c922c496235021d76ec"
  integrity sha512-muwmVU799tzPjzb+Q5E/CTDle0rXwkCAdvMVyU0BfbJhenkUsFmuYiCmbvMVOU1m6F1S5HWfXz8EP4pXwwAvrw==
  dependencies:
    "@babel/runtime" "^7.2.0"
    prop-types "^15.7.2"
    react-is "^16.8.0"

"@types/clipboard@^2.0.1":
  version "2.0.1"
  resolved "https://registry.yarnpkg.com/@types/clipboard/-/clipboard-2.0.1.tgz#75a74086c293d75b12bc93ff13bc7797fef05a40"
  integrity sha512-gJJX9Jjdt3bIAePQRRjYWG20dIhAgEqonguyHxXuqALxsoDsDLimihqrSg8fXgVTJ4KZCzkfglKtwsh/8dLfbA==

"@types/prop-types@*":
  version "15.7.0"
  resolved "https://registry.yarnpkg.com/@types/prop-types/-/prop-types-15.7.0.tgz#4c48fed958d6dcf9487195a0ef6456d5f6e0163a"
  integrity sha512-eItQyV43bj4rR3JPV0Skpl1SncRCdziTEK9/v8VwXmV6d/qOUO8/EuWeHBbCZcsfSHfzI5UyMJLCSXtxxznyZg==

"@types/react-transition-group@^2.0.16":
  version "2.9.2"
  resolved "https://registry.yarnpkg.com/@types/react-transition-group/-/react-transition-group-2.9.2.tgz#c48cf2a11977c8b4ff539a1c91d259eaa627028d"
  integrity sha512-5Fv2DQNO+GpdPZcxp2x/OQG/H19A01WlmpjVD9cKvVFmoVLOZ9LvBgSWG6pSXIU4og5fgbvGPaCV5+VGkWAEHA==
  dependencies:
    "@types/react" "*"

"@types/react@*":
  version "16.8.22"
  resolved "https://registry.yarnpkg.com/@types/react/-/react-16.8.22.tgz#7f18bf5ea0c1cad73c46b6b1c804a3ce0eec6d54"
  integrity sha512-C3O1yVqk4sUXqWyx0wlys76eQfhrQhiDhDlHBrjER76lR2S2Agiid/KpOU9oCqj1dISStscz7xXz1Cg8+sCQeA==
  dependencies:
    "@types/prop-types" "*"
    csstype "^2.2.0"

"@types/react@^16.8":
  version "16.8.4"
  resolved "https://registry.yarnpkg.com/@types/react/-/react-16.8.4.tgz#134307f5266e866d5e7c25e47f31f9abd5b2ea34"
  integrity sha512-Mpz1NNMJvrjf0GcDqiK8+YeOydXfD8Mgag3UtqQ5lXYTsMnOiHcKmO48LiSWMb1rSHB9MV/jlgyNzeAVxWMZRQ==
  dependencies:
    "@types/prop-types" "*"
    csstype "^2.2.0"

clipboard@^2.0.0:
  version "2.0.4"
  resolved "https://registry.yarnpkg.com/clipboard/-/clipboard-2.0.4.tgz#836dafd66cf0fea5d71ce5d5b0bf6e958009112d"
  integrity sha512-Vw26VSLRpJfBofiVaFb/I8PVfdI1OxKcYShe6fm0sP/DtmiWQNCjhM/okTvdCo0G+lMMm1rMYbk4IK4x1X+kgQ==
  dependencies:
    good-listener "^1.2.2"
    select "^1.1.2"
    tiny-emitter "^2.0.0"

clsx@^1.0.2:
  version "1.0.4"
  resolved "https://registry.yarnpkg.com/clsx/-/clsx-1.0.4.tgz#0c0171f6d5cb2fe83848463c15fcc26b4df8c2ec"
  integrity sha512-1mQ557MIZTrL/140j+JVdRM6e31/OA4vTYxXgqIIZlndyfjHpyawKZia1Im05Vp9BWmImkcNrNtFYQMyFcgJDg==

console-polyfill@^0.1.2:
  version "0.1.2"
  resolved "https://registry.yarnpkg.com/console-polyfill/-/console-polyfill-0.1.2.tgz#96cfed51caf78189f699572e6f18271dc37c0e30"
  integrity sha1-ls/tUcr3gYn2mVcubxgnHcN8DjA=

convert-css-length@^2.0.0:
  version "2.0.0"
  resolved "https://registry.yarnpkg.com/convert-css-length/-/convert-css-length-2.0.0.tgz#0c60ff686e70625ef7f3fd305a2f61f33a96c289"
  integrity sha512-ygBgHNzImHJ/kjgqdzC0oaY2+EMID3s88/CZD2C9O1stM3PwsOwXzzlFTTkZy/bPZe0wjyt1UoYjilfunQGjlw==
  dependencies:
    console-polyfill "^0.1.2"
    parse-unit "^1.0.1"

css-vendor@^2.0.1:
  version "2.0.5"
  resolved "https://registry.yarnpkg.com/css-vendor/-/css-vendor-2.0.5.tgz#949c58fd5307e79a9417daa0939506f0e5d0a187"
  integrity sha512-36w+4Cg0zqFIt5TAkaM3proB6XWh5kSGmbddRCPdrRLQiYNfHPTgaWPOlCrcuZIO0iAtrG+5wsHJZ6jj8AUULA==
  dependencies:
    "@babel/runtime" "^7.3.1"
    is-in-browser "^1.0.2"

csstype@^2.2.0:
  version "2.6.1"
  resolved "https://registry.yarnpkg.com/csstype/-/csstype-2.6.1.tgz#4cfbf637a577497036ebcd7e32647ef19a0b8076"
  integrity sha512-wv7IRqCGsL7WGKB8gPvrl+++HlFM9kxAM6jL1EXNPNTshEJYilMkbfS2SnuHha77uosp/YVK0wAp2jmlBzn1tg==

csstype@^2.5.2:
  version "2.6.5"
  resolved "https://registry.yarnpkg.com/csstype/-/csstype-2.6.5.tgz#1cd1dff742ebf4d7c991470ae71e12bb6751e034"
  integrity sha512-JsTaiksRsel5n7XwqPAfB0l3TFKdpjW/kgAELf9vrb5adGA7UCPLajKK5s3nFrcFm3Rkyp/Qkgl73ENc1UY3cA==

debounce@^1.1.0:
  version "1.2.0"
  resolved "https://registry.yarnpkg.com/debounce/-/debounce-1.2.0.tgz#44a540abc0ea9943018dc0eaa95cce87f65cd131"
  integrity sha512-mYtLl1xfZLi1m4RtQYlZgJUNQjl4ZxVnHzIR8nLLgi4q1YT8o/WM+MK/f8yfcc9s5Ir5zRaPZyZU6xs1Syoocg==

deepmerge@^3.0.0:
  version "3.3.0"
  resolved "https://registry.yarnpkg.com/deepmerge/-/deepmerge-3.3.0.tgz#d3c47fd6f3a93d517b14426b0628a17b0125f5f7"
  integrity sha512-GRQOafGHwMHpjPx9iCvTgpu9NojZ49q794EEL94JVEw6VaeA8XTUyBKvAkOOjBX9oJNiV6G3P+T+tihFjo2TqA==

delegate@^3.1.2:
  version "3.2.0"
  resolved "https://registry.yarnpkg.com/delegate/-/delegate-3.2.0.tgz#b66b71c3158522e8ab5744f720d8ca0c2af59166"
  integrity sha512-IofjkYBZaZivn0V8nnsMJGBr4jVLxHDheKSW88PyxS5QC4Vo9ZbZVvhzlSxY87fVq3STR6r+4cGepyHkcWOQSw==

dom-helpers@^3.4.0:
  version "3.4.0"
  resolved "https://registry.yarnpkg.com/dom-helpers/-/dom-helpers-3.4.0.tgz#e9b369700f959f62ecde5a6babde4bccd9169af8"
  integrity sha512-LnuPJ+dwqKDIyotW1VzmOZ5TONUN7CwkCR5hrgawTUbkBGYdeoNLZo6nNfGkCrjtE1nXXaj7iMMpDa8/d9WoIA==
  dependencies:
    "@babel/runtime" "^7.1.2"

get-own-enumerable-property-symbols@^2.0.1:
  version "2.0.1"
  resolved "https://registry.yarnpkg.com/get-own-enumerable-property-symbols/-/get-own-enumerable-property-symbols-2.0.1.tgz#5c4ad87f2834c4b9b4e84549dc1e0650fb38c24b"
  integrity sha512-TtY/sbOemiMKPRUDDanGCSgBYe7Mf0vbRsWnBZ+9yghpZ1MvcpSpuZFjHdEeY/LZjZy0vdLjS77L6HosisFiug==

good-listener@^1.2.2:
  version "1.2.2"
  resolved "https://registry.yarnpkg.com/good-listener/-/good-listener-1.2.2.tgz#d53b30cdf9313dffb7dc9a0d477096aa6d145c50"
  integrity sha1-1TswzfkxPf+33JoNR3CWqm0UXFA=
  dependencies:
    delegate "^3.1.2"

hoist-non-react-statics@^3.2.1:
  version "3.3.0"
  resolved "https://registry.yarnpkg.com/hoist-non-react-statics/-/hoist-non-react-statics-3.3.0.tgz#b09178f0122184fb95acf525daaecb4d8f45958b"
  integrity sha512-0XsbTXxgiaCDYDIWFcwkmerZPSwywfUqYmwT4jzewKTQSWoE6FCMoUVOeBJWK3E/CrWbxRG3m5GzY4lnIwGRBA==
  dependencies:
    react-is "^16.7.0"

hyphenate-style-name@^1.0.3:
  version "1.0.3"
  resolved "https://registry.yarnpkg.com/hyphenate-style-name/-/hyphenate-style-name-1.0.3.tgz#097bb7fa0b8f1a9cf0bd5c734cf95899981a9b48"
  integrity sha512-EcuixamT82oplpoJ2XU4pDtKGWQ7b00CD9f1ug9IaQ3p1bkHMiKCZ9ut9QDI6qsa6cpUuB+A/I+zLtdNK4n2DQ==

is-in-browser@^1.0.2, is-in-browser@^1.1.3:
  version "1.1.3"
  resolved "https://registry.yarnpkg.com/is-in-browser/-/is-in-browser-1.1.3.tgz#56ff4db683a078c6082eb95dad7dc62e1d04f835"
  integrity sha1-Vv9NtoOgeMYILrldrX3GLh0E+DU=

is-obj@^1.0.1:
  version "1.0.1"
  resolved "https://registry.yarnpkg.com/is-obj/-/is-obj-1.0.1.tgz#3e4729ac1f5fde025cd7d83a896dab9f4f67db0f"
  integrity sha1-PkcprB9f3gJc19g6iW2rn09n2w8=

is-plain-object@2.0.4:
  version "2.0.4"
  resolved "https://registry.yarnpkg.com/is-plain-object/-/is-plain-object-2.0.4.tgz#2c163b3fafb1b606d9d17928f05c2a1c38e07677"
  integrity sha512-h5PpgXkWitc38BBMYawTYMWJHFZJVnBquFE57xFpjB8pJFiF6gZ+bU+WyI/yqXiFR5mdLsgYNaPe8uao6Uv9Og==
  dependencies:
    isobject "^3.0.1"

is-plain-object@^3.0.0:
  version "3.0.0"
  resolved "https://registry.yarnpkg.com/is-plain-object/-/is-plain-object-3.0.0.tgz#47bfc5da1b5d50d64110806c199359482e75a928"
  integrity sha512-tZIpofR+P05k8Aocp7UI/2UTa9lTJSebCXpFFoR9aibpokDj/uXBsJ8luUu0tTVYKkMU6URDUuOfJZ7koewXvg==
  dependencies:
    isobject "^4.0.0"

is-regexp@^1.0.0:
  version "1.0.0"
  resolved "https://registry.yarnpkg.com/is-regexp/-/is-regexp-1.0.0.tgz#fd2d883545c46bac5a633e7b9a09e87fa2cb5069"
  integrity sha1-/S2INUXEa6xaYz57mgnof6LLUGk=

isobject@^3.0.1:
  version "3.0.1"
  resolved "https://registry.yarnpkg.com/isobject/-/isobject-3.0.1.tgz#4e431e92b11a9731636aa1f9c8d1ccbcfdab78df"
  integrity sha1-TkMekrEalzFjaqH5yNHMvP2reN8=

isobject@^4.0.0:
  version "4.0.0"
  resolved "https://registry.yarnpkg.com/isobject/-/isobject-4.0.0.tgz#3f1c9155e73b192022a80819bacd0343711697b0"
  integrity sha512-S/2fF5wH8SJA/kmwr6HYhK/RI/OkhD84k8ntalo0iJjZikgq1XFvR5M8NPT1x5F7fBwCG3qHfnzeP/Vh/ZxCUA==

"js-tokens@^3.0.0 || ^4.0.0":
  version "4.0.0"
  resolved "https://registry.yarnpkg.com/js-tokens/-/js-tokens-4.0.0.tgz#19203fb59991df98e3a287050d4647cdeaf32499"
  integrity sha512-RdJUflcE3cUzKiMqQgsCu06FPu9UdIJO0beYbPhHN4k6apgJtifcoCtT9bcxOpYBtpD2kCM6Sbzg4CausW/PKQ==

jss-plugin-camel-case@10.0.0-alpha.17:
  version "10.0.0-alpha.17"
  resolved "https://registry.yarnpkg.com/jss-plugin-camel-case/-/jss-plugin-camel-case-10.0.0-alpha.17.tgz#6f7c9d9742e349bb061e53cd9b1c3cb006169a67"
  integrity sha512-aPY4kr6MwliH7KToLRzeSk1NxXUo9n7MQsAa0Hghwj01x9UnMkDkGAKENMKUtPjGkQZfiJpB9tTLFrSJ/6VrIQ==
  dependencies:
    "@babel/runtime" "^7.3.1"
    hyphenate-style-name "^1.0.3"
    jss "10.0.0-alpha.17"

jss-plugin-default-unit@10.0.0-alpha.17:
  version "10.0.0-alpha.17"
  resolved "https://registry.yarnpkg.com/jss-plugin-default-unit/-/jss-plugin-default-unit-10.0.0-alpha.17.tgz#4e3bf6d8e9691a8e05d50b5abf300515eb0f67ee"
  integrity sha512-KQgiXczvzJ9AlFdD8NS7FZLub0NSctSrCA9Yi/GqdsfJg4ZCriU4DzIybCZBHCi/INFGJmLIESYWSxnuhAzgSQ==
  dependencies:
    "@babel/runtime" "^7.3.1"
    jss "10.0.0-alpha.17"

jss-plugin-global@10.0.0-alpha.17:
  version "10.0.0-alpha.17"
  resolved "https://registry.yarnpkg.com/jss-plugin-global/-/jss-plugin-global-10.0.0-alpha.17.tgz#13005f6b963aee3c1498fe2bad767967ad2eb838"
  integrity sha512-WYxiwwI+CLk0ozW8loeceqXBAZXBMsLBEZeRwVf9WX+FljdJkGwVZpRCk6LBX4aXnqAGyKqCxIAIJ3KP2yBdEg==
  dependencies:
    "@babel/runtime" "^7.3.1"
    jss "10.0.0-alpha.17"

jss-plugin-nested@10.0.0-alpha.17:
  version "10.0.0-alpha.17"
  resolved "https://registry.yarnpkg.com/jss-plugin-nested/-/jss-plugin-nested-10.0.0-alpha.17.tgz#cb1c20cdc81558c164eaa333bbb24c88bef12202"
  integrity sha512-onpFqv904KCujryf2t6IIV1/QoB7cSF7ojrd4UujcN5TPvYOvXF5bchi7jnHG5U0SLlRSDGMLJ9fhtoCknhEbw==
  dependencies:
    "@babel/runtime" "^7.3.1"
    jss "10.0.0-alpha.17"
    tiny-warning "^1.0.2"

jss-plugin-props-sort@10.0.0-alpha.17:
  version "10.0.0-alpha.17"
  resolved "https://registry.yarnpkg.com/jss-plugin-props-sort/-/jss-plugin-props-sort-10.0.0-alpha.17.tgz#a49be72b8dc8e2861f8136661c53d130abb07ccd"
  integrity sha512-KnbyrxCbtQTqpDx2mSZU/r/E5QnDPIVfIxRi8K+W/q4gZpomBvqWC+xgvAk9hbpmA6QBoQaOilV8o12w2IZ6fg==
  dependencies:
    "@babel/runtime" "^7.3.1"
    jss "10.0.0-alpha.17"

jss-plugin-rule-value-function@10.0.0-alpha.17:
  version "10.0.0-alpha.17"
  resolved "https://registry.yarnpkg.com/jss-plugin-rule-value-function/-/jss-plugin-rule-value-function-10.0.0-alpha.17.tgz#45617ccc2d695d77287554e7dbe3b9c37f5f5af4"
  integrity sha512-8AuJB44Q+ehfkWVRi2XlRbUf6SrLmrHTa5EXd6dgQRCCRuvGmqX8Dl4fZvNeKRFjTLPZgzg9+31rqeOMhKa2vA==
  dependencies:
    "@babel/runtime" "^7.3.1"
    jss "10.0.0-alpha.17"

jss-plugin-vendor-prefixer@10.0.0-alpha.17:
  version "10.0.0-alpha.17"
  resolved "https://registry.yarnpkg.com/jss-plugin-vendor-prefixer/-/jss-plugin-vendor-prefixer-10.0.0-alpha.17.tgz#7bb05076d1a14d20b567231c36e57ebf6cb6625f"
  integrity sha512-wDq9EL0QaoMGSGifPEBb+/SA9LBcqPEW0jpL9ht+Z2t+lV7NNz0j7uCEOuE6FvNWqHzUKTsiATs1rTHPkzNBEQ==
  dependencies:
    "@babel/runtime" "^7.3.1"
    css-vendor "^2.0.1"
    jss "10.0.0-alpha.17"

jss@10.0.0-alpha.17:
  version "10.0.0-alpha.17"
  resolved "https://registry.yarnpkg.com/jss/-/jss-10.0.0-alpha.17.tgz#3057c85a846c3bd207c04aafd91c8277955d9c57"
  integrity sha512-egGIUg+YRu0+U+XXlD0gmVtU/gW5sn7+qmDv7opwK5s8emZBE/VoN55X6CaMrAa0kLeGMldnI43KOWea6M9/mA==
  dependencies:
    "@babel/runtime" "^7.3.1"
    is-in-browser "^1.1.3"
    tiny-warning "^1.0.2"

loose-envify@^1.0.0, loose-envify@^1.4.0:
  version "1.4.0"
  resolved "https://registry.yarnpkg.com/loose-envify/-/loose-envify-1.4.0.tgz#71ee51fa7be4caec1a63839f7e682d8132d30caf"
  integrity sha512-lyuxPGr/Wfhrlem2CL/UcnUc1zcqKAImBDzukY7Y5F/yQiNdko6+fRLevlw1HgMySw7f611UIY408EtxRSoK3Q==
  dependencies:
    js-tokens "^3.0.0 || ^4.0.0"

normalize-scroll-left@^0.2.0:
  version "0.2.0"
  resolved "https://registry.yarnpkg.com/normalize-scroll-left/-/normalize-scroll-left-0.2.0.tgz#9445d74275f303cc661e113329aefa492f58114c"
  integrity sha512-t5oCENZJl8TGusJKoCJm7+asaSsPuNmK6+iEjrZ5TyBj2f02brCRsd4c83hwtu+e5d4LCSBZ0uoDlMjBo+A8yA==

object-assign@^4.1.1:
  version "4.1.1"
  resolved "https://registry.yarnpkg.com/object-assign/-/object-assign-4.1.1.tgz#2109adc7965887cfc05cbbd442cac8bfbb360863"
  integrity sha1-IQmtx5ZYh8/AXLvUQsrIv7s2CGM=

parse-unit@^1.0.1:
  version "1.0.1"
  resolved "https://registry.yarnpkg.com/parse-unit/-/parse-unit-1.0.1.tgz#7e1bb6d5bef3874c28e392526a2541170291eecf"
  integrity sha1-fhu21b7zh0wo45JSaiVBFwKR7s8=

popper.js@^1.14.1:
  version "1.15.0"
  resolved "https://registry.yarnpkg.com/popper.js/-/popper.js-1.15.0.tgz#5560b99bbad7647e9faa475c6b8056621f5a4ff2"
  integrity sha512-w010cY1oCUmI+9KwwlWki+r5jxKfTFDVoadl7MSrIujHU5MJ5OR6HTDj6Xo8aoR/QsA56x8jKjA59qGH4ELtrA==

prism-react-renderer@^0.1.5:
  version "0.1.7"
  resolved "https://registry.yarnpkg.com/prism-react-renderer/-/prism-react-renderer-0.1.7.tgz#dc273d0cb6e4a498ba0775094e9a8b01a3ad2eaa"
  integrity sha512-EhnM0sYfLK103ASK0ViSv0rta//ZGB0dBA9TiFyOvA+zOj5peLmGEG01sLEDwl9sMe+gSqncInafBe1VFTCMvA==

prismjs@^1.15.0:
  version "1.16.0"
  resolved "https://registry.yarnpkg.com/prismjs/-/prismjs-1.16.0.tgz#406eb2c8aacb0f5f0f1167930cb83835d10a4308"
  integrity sha512-OA4MKxjFZHSvZcisLGe14THYsug/nF6O1f0pAJc0KN0wTyAcLqmsbE+lTGKSpyh+9pEW57+k6pg2AfYR+coyHA==
  optionalDependencies:
    clipboard "^2.0.0"

prop-types@^15.5.0, prop-types@^15.6.0, prop-types@^15.6.2, prop-types@^15.7.2:
  version "15.7.2"
  resolved "https://registry.yarnpkg.com/prop-types/-/prop-types-15.7.2.tgz#52c41e75b8c87e72b9d9360e0206b99dcbffa6c5"
  integrity sha512-8QQikdH7//R2vurIJSutZ1smHYTcLpRWEOlHnzcWHmBYrOGUysKwSsrC89BCiFj3CbrfJ/nXFdJepOVrY1GCHQ==
  dependencies:
    loose-envify "^1.4.0"
    object-assign "^4.1.1"
    react-is "^16.8.1"

react-clipboard.js@^2.0.2:
  version "2.0.13"
  resolved "https://registry.yarnpkg.com/react-clipboard.js/-/react-clipboard.js-2.0.13.tgz#4430d4ef989c4c39303553c2c22f20b72b2d73dd"
  integrity sha512-1tjFU52LbtETZe223bc/q9JnbguWXqrgWCHpnVWJ4YYhzoV62jJP0NghAYH6+F7G5SI80wnQHdBjgqppNTY7Xg==
  dependencies:
    "@types/clipboard" "^2.0.1"
    clipboard "^2.0.0"
    prop-types "^15.5.0"

react-element-to-jsx-string@^14.0.2:
  version "14.0.2"
  resolved "https://registry.yarnpkg.com/react-element-to-jsx-string/-/react-element-to-jsx-string-14.0.2.tgz#586d248bb2416855aa6ac3881e18726832c146d2"
  integrity sha512-eYcPUg3FJisgAb8q3sSdce8F/xMZD/iFEjMZYnkE3b7gPi5OamGr2Hst/1pE72mzn7//dfYPXb+UqPK2xdSGsg==
  dependencies:
    is-plain-object "2.0.4"
    stringify-object "3.2.2"

react-event-listener@^0.6.6:
  version "0.6.6"
  resolved "https://registry.yarnpkg.com/react-event-listener/-/react-event-listener-0.6.6.tgz#758f7b991cad9086dd39fd29fad72127e1d8962a"
  integrity sha512-+hCNqfy7o9wvO6UgjqFmBzARJS7qrNoda0VqzvOuioEpoEXKutiKuv92dSz6kP7rYLmyHPyYNLesi5t/aH1gfw==
  dependencies:
    "@babel/runtime" "^7.2.0"
    prop-types "^15.6.0"
    warning "^4.0.1"

react-is@^16.7.0, react-is@^16.8.0, react-is@^16.8.1:
  version "16.8.6"
  resolved "https://registry.yarnpkg.com/react-is/-/react-is-16.8.6.tgz#5bbc1e2d29141c9fbdfed456343fe2bc430a6a16"
  integrity sha512-aUk3bHfZ2bRSVFFbbeVS4i+lNPZr3/WM5jT2J5omUVV1zzcs1nAaf3l51ctA5FFvCRbhrH0bdAsRRQddFJZPtA==

react-transition-group@^4.0.0:
  version "4.1.1"
  resolved "https://registry.yarnpkg.com/react-transition-group/-/react-transition-group-4.1.1.tgz#16efe9ac8c68306f6bef59c7da5a96b4dfd9fb32"
  integrity sha512-K/N1wqJ2GRP2yj3WBqEUYa0KV5fiaAWpUfU9SpHOHefeKvyrO+VrnMBML21M19QZoVbDZKmuQFHZYoMMi1xuJA==
  dependencies:
    "@babel/runtime" "^7.4.5"
    dom-helpers "^3.4.0"
    loose-envify "^1.4.0"
    prop-types "^15.6.2"

regenerator-runtime@^0.13.2:
  version "0.13.2"
  resolved "https://registry.yarnpkg.com/regenerator-runtime/-/regenerator-runtime-0.13.2.tgz#32e59c9a6fb9b1a4aff09b4930ca2d4477343447"
  integrity sha512-S/TQAZJO+D3m9xeN1WTI8dLKBBiRgXBlTJvbWjCThHWZj9EvHK70Ff50/tYj2J/fvBY6JtFVwRuazHN2E7M9BA==

select@^1.1.2:
  version "1.1.2"
  resolved "https://registry.yarnpkg.com/select/-/select-1.1.2.tgz#0e7350acdec80b1108528786ec1d4418d11b396d"
  integrity sha1-DnNQrN7ICxEIUoeG7B1EGNEbOW0=

stringify-object@3.2.2:
  version "3.2.2"
  resolved "https://registry.yarnpkg.com/stringify-object/-/stringify-object-3.2.2.tgz#9853052e5a88fb605a44cd27445aa257ad7ffbcd"
  integrity sha512-O696NF21oLiDy8PhpWu8AEqoZHw++QW6mUv0UvKZe8gWSdSvMXkiLufK7OmnP27Dro4GU5kb9U7JIO0mBuCRQg==
  dependencies:
    get-own-enumerable-property-symbols "^2.0.1"
    is-obj "^1.0.1"
    is-regexp "^1.0.0"

tiny-emitter@^2.0.0:
  version "2.1.0"
  resolved "https://registry.yarnpkg.com/tiny-emitter/-/tiny-emitter-2.1.0.tgz#1d1a56edfc51c43e863cbb5382a72330e3555423"
  integrity sha512-NB6Dk1A9xgQPMoGqC5CVXn123gWyte215ONT5Pp5a0yt4nlEoO1ZWeCwpncaekPHXO60i47ihFnZPiRPjRMq4Q==

tiny-warning@^1.0.2:
  version "1.0.2"
  resolved "https://registry.yarnpkg.com/tiny-warning/-/tiny-warning-1.0.2.tgz#1dfae771ee1a04396bdfde27a3adcebc6b648b28"
  integrity sha512-rru86D9CpQRLvsFG5XFdy0KdLAvjdQDyZCsRcuu60WtzFylDM3eAWSxEVz5kzL2Gp544XiUvPbVKtOA/txLi9Q==

warning@^4.0.1:
  version "4.0.3"
  resolved "https://registry.yarnpkg.com/warning/-/warning-4.0.3.tgz#16e9e077eb8a86d6af7d64aa1e05fd85b4678ca3"
  integrity sha512-rpJyN222KWIvHJ/F53XSZv0Zl/accqHR8et1kpaMTD/fLCRxtV8iX8czMzY7sVZupTI3zcUTg8eycS2kNF9l6w==
  dependencies:
    loose-envify "^1.0.0"
